// !$*UTF8*$!
{
	archiveVersion = 1;
	classes = {
	};
	objectVersion = 56;
	objects = {

/* Begin PBXBuildFile section */
		B51544552AF876D80081B3A9 /* ARCoreGARSession in Frameworks */ = {isa = PBXBuildFile; productRef = B51544542AF876D80081B3A9 /* ARCoreGARSession */; };
		B515445F2AF8873D0081B3A9 /* ARCoreGeospatial in Frameworks */ = {isa = PBXBuildFile; productRef = B515445E2AF8873D0081B3A9 /* ARCoreGeospatial */; };
		B51CCBEC2B1A5A7D0099AB6B /* CatalogARView.swift in Sources */ = {isa = PBXBuildFile; fileRef = B51CCBEB2B1A5A7D0099AB6B /* CatalogARView.swift */; };
		B51CCBEE2B1A5B620099AB6B /* CatalogARSessionManager+ARSessionDelegate.swift in Sources */ = {isa = PBXBuildFile; fileRef = B51CCBED2B1A5B620099AB6B /* CatalogARSessionManager+ARSessionDelegate.swift */; };
		B57998702B1C5A9E00CDFFB0 /* ARSessionError.swift in Sources */ = {isa = PBXBuildFile; fileRef = B579986F2B1C5A9E00CDFFB0 /* ARSessionError.swift */; };
		B57998722B1C60AF00CDFFB0 /* GARSessionError.swift in Sources */ = {isa = PBXBuildFile; fileRef = B57998712B1C60AF00CDFFB0 /* GARSessionError.swift */; };
		B57998742B1D596900CDFFB0 /* CatalogARSessionStatistics.swift in Sources */ = {isa = PBXBuildFile; fileRef = B57998732B1D596900CDFFB0 /* CatalogARSessionStatistics.swift */; };
		B5C0AD8B2AF2D18300F4F752 /* NavigationToolbar.swift in Sources */ = {isa = PBXBuildFile; fileRef = B5C0AD892AF2D18300F4F752 /* NavigationToolbar.swift */; };
		B5C0AD8C2AF2D18300F4F752 /* Colors.swift in Sources */ = {isa = PBXBuildFile; fileRef = B5C0AD8A2AF2D18300F4F752 /* Colors.swift */; };
		B5C0AD8E2AF2D18B00F4F752 /* Secrets.swift in Sources */ = {isa = PBXBuildFile; fileRef = B5C0AD8D2AF2D18B00F4F752 /* Secrets.swift */; };
		B5C0AD992AF2D1D700F4F752 /* EventFeedScrollView.swift in Sources */ = {isa = PBXBuildFile; fileRef = B5C0AD902AF2D1D700F4F752 /* EventFeedScrollView.swift */; };
		B5C0AD9A2AF2D1D700F4F752 /* EventDetailsView.swift in Sources */ = {isa = PBXBuildFile; fileRef = B5C0AD912AF2D1D700F4F752 /* EventDetailsView.swift */; };
		B5C0AD9B2AF2D1D700F4F752 /* EventRowView.swift in Sources */ = {isa = PBXBuildFile; fileRef = B5C0AD922AF2D1D700F4F752 /* EventRowView.swift */; };
		B5C0AD9C2AF2D1D700F4F752 /* Concept3DCategoryListView.swift in Sources */ = {isa = PBXBuildFile; fileRef = B5C0AD952AF2D1D700F4F752 /* Concept3DCategoryListView.swift */; };
		B5C0AD9D2AF2D1D700F4F752 /* Concept3DCategoryView.swift in Sources */ = {isa = PBXBuildFile; fileRef = B5C0AD962AF2D1D700F4F752 /* Concept3DCategoryView.swift */; };
		B5C0AD9E2AF2D1D700F4F752 /* LocationCollectionCardView.swift in Sources */ = {isa = PBXBuildFile; fileRef = B5C0AD972AF2D1D700F4F752 /* LocationCollectionCardView.swift */; };
		B5C0AD9F2AF2D1D700F4F752 /* LocationDetailsView.swift in Sources */ = {isa = PBXBuildFile; fileRef = B5C0AD982AF2D1D700F4F752 /* LocationDetailsView.swift */; };
		B5C0ADA32AF2D2A400F4F752 /* HomeView.swift in Sources */ = {isa = PBXBuildFile; fileRef = B5C0ADA22AF2D2A400F4F752 /* HomeView.swift */; };
		B5C427E92B1C17B700B2650F /* LocationManager.swift in Sources */ = {isa = PBXBuildFile; fileRef = B5C427E82B1C17B700B2650F /* LocationManager.swift */; };
		B5C427EB2B1C1B8000B2650F /* CatalogARSessionManager.swift in Sources */ = {isa = PBXBuildFile; fileRef = B5C427EA2B1C1B8000B2650F /* CatalogARSessionManager.swift */; };
		B5C427EE2B1C2AEA00B2650F /* WrappedUIView.swift in Sources */ = {isa = PBXBuildFile; fileRef = B5C427ED2B1C2AEA00B2650F /* WrappedUIView.swift */; };
		B5C427F12B1C2EEC00B2650F /* CatalogARSessionManager+ARSCNViewDelegate.swift in Sources */ = {isa = PBXBuildFile; fileRef = B5C427F02B1C2EEC00B2650F /* CatalogARSessionManager+ARSCNViewDelegate.swift */; };
		B5C8281C2B013F5300471A0E /* ARCoreCloudAnchors in Frameworks */ = {isa = PBXBuildFile; productRef = B5C8281B2B013F5300471A0E /* ARCoreCloudAnchors */; };
		B5C8281E2B01483300471A0E /* GoogleService-Info.plist in Resources */ = {isa = PBXBuildFile; fileRef = B5C8281D2B01483300471A0E /* GoogleService-Info.plist */; };
		B5C828212B01486500471A0E /* FirebaseAnalytics in Frameworks */ = {isa = PBXBuildFile; productRef = B5C828202B01486500471A0E /* FirebaseAnalytics */; };
		B5C828232B01486500471A0E /* FirebaseAnalyticsOnDeviceConversion in Frameworks */ = {isa = PBXBuildFile; productRef = B5C828222B01486500471A0E /* FirebaseAnalyticsOnDeviceConversion */; };
		B5C828252B01486500471A0E /* FirebaseAnalyticsSwift in Frameworks */ = {isa = PBXBuildFile; productRef = B5C828242B01486500471A0E /* FirebaseAnalyticsSwift */; };
		B5C828272B01486500471A0E /* FirebaseAnalyticsWithoutAdIdSupport in Frameworks */ = {isa = PBXBuildFile; productRef = B5C828262B01486500471A0E /* FirebaseAnalyticsWithoutAdIdSupport */; };
		B5C828292B01486500471A0E /* FirebaseAppCheck in Frameworks */ = {isa = PBXBuildFile; productRef = B5C828282B01486500471A0E /* FirebaseAppCheck */; };
		B5C8282D2B014FBD00471A0E /* FirebaseDatabase in Frameworks */ = {isa = PBXBuildFile; productRef = B5C8282C2B014FBD00471A0E /* FirebaseDatabase */; };
		B5E10F442B197EA0005B0733 /* LocalizationState.swift in Sources */ = {isa = PBXBuildFile; fileRef = B5E10F432B197EA0005B0733 /* LocalizationState.swift */; };
		B5E10F502B1993E2005B0733 /* RooftopState.swift in Sources */ = {isa = PBXBuildFile; fileRef = B5E10F4F2B1993E2005B0733 /* RooftopState.swift */; };
		B5E10F522B199A36005B0733 /* AnchorManager.swift in Sources */ = {isa = PBXBuildFile; fileRef = B5E10F512B199A36005B0733 /* AnchorManager.swift */; };
		B5E10F5A2B19A1E9005B0733 /* CardNodeUIView.swift in Sources */ = {isa = PBXBuildFile; fileRef = B5E10F582B19A1E9005B0733 /* CardNodeUIView.swift */; };
		B5E10F5B2B19A1E9005B0733 /* CardNode.swift in Sources */ = {isa = PBXBuildFile; fileRef = B5E10F592B19A1E9005B0733 /* CardNode.swift */; };
		B5E10F5D2B19A299005B0733 /* MaterialBuilder.swift in Sources */ = {isa = PBXBuildFile; fileRef = B5E10F5C2B19A299005B0733 /* MaterialBuilder.swift */; };
		B5E3907D2AF847A700B447B7 /* RKPath in Frameworks */ = {isa = PBXBuildFile; productRef = B5E3907C2AF847A700B447B7 /* RKPath */; };
		B5E9289D2AF2C5DE00272193 /* CSUSM_ARApp.swift in Sources */ = {isa = PBXBuildFile; fileRef = B5E9289C2AF2C5DE00272193 /* CSUSM_ARApp.swift */; };
		B5E928A12AF2C5DF00272193 /* Assets.xcassets in Resources */ = {isa = PBXBuildFile; fileRef = B5E928A02AF2C5DF00272193 /* Assets.xcassets */; };
		B5E928A42AF2C5DF00272193 /* Preview Assets.xcassets in Resources */ = {isa = PBXBuildFile; fileRef = B5E928A32AF2C5DF00272193 /* Preview Assets.xcassets */; };
		B5E928AC2AF2C6A700272193 /* SwiftSoup in Frameworks */ = {isa = PBXBuildFile; productRef = B5E928AB2AF2C6A700272193 /* SwiftSoup */; };
		B5E9291B2AF2C74200272193 /* String+Utilities.swift in Sources */ = {isa = PBXBuildFile; fileRef = B5E928F62AF2C74200272193 /* String+Utilities.swift */; };
		B5E9291C2AF2C74200272193 /* Bool+VPropertyEncodable.swift in Sources */ = {isa = PBXBuildFile; fileRef = B5E928F72AF2C74200272193 /* Bool+VPropertyEncodable.swift */; };
		B5E9291D2AF2C74200272193 /* String+VPropertyEncodable.swift in Sources */ = {isa = PBXBuildFile; fileRef = B5E928F82AF2C74200272193 /* String+VPropertyEncodable.swift */; };
		B5E9291E2AF2C74200272193 /* Date+VPropertyEncodable.swift in Sources */ = {isa = PBXBuildFile; fileRef = B5E928F92AF2C74200272193 /* Date+VPropertyEncodable.swift */; };
		B5E9291F2AF2C74200272193 /* URL+VPropertyEncodable.swift in Sources */ = {isa = PBXBuildFile; fileRef = B5E928FA2AF2C74200272193 /* URL+VPropertyEncodable.swift */; };
		B5E929202AF2C74200272193 /* UUID+VPropertyEncodable.swift in Sources */ = {isa = PBXBuildFile; fileRef = B5E928FB2AF2C74200272193 /* UUID+VPropertyEncodable.swift */; };
		B5E929212AF2C74200272193 /* Int+VPropertyEncodable.swift in Sources */ = {isa = PBXBuildFile; fileRef = B5E928FC2AF2C74200272193 /* Int+VPropertyEncodable.swift */; };
		B5E929222AF2C74200272193 /* ICalAlarm.swift in Sources */ = {isa = PBXBuildFile; fileRef = B5E928FE2AF2C74200272193 /* ICalAlarm.swift */; };
		B5E929232AF2C74200272193 /* ICalendar.swift in Sources */ = {isa = PBXBuildFile; fileRef = B5E928FF2AF2C74200272193 /* ICalendar.swift */; };
		B5E929242AF2C74200272193 /* ICalSubTimeZone.swift in Sources */ = {isa = PBXBuildFile; fileRef = B5E929002AF2C74200272193 /* ICalSubTimeZone.swift */; };
		B5E929252AF2C74200272193 /* XTrumbaField.swift in Sources */ = {isa = PBXBuildFile; fileRef = B5E929012AF2C74200272193 /* XTrumbaField.swift */; };
		B5E929262AF2C74200272193 /* ICalTimeZone.swift in Sources */ = {isa = PBXBuildFile; fileRef = B5E929022AF2C74200272193 /* ICalTimeZone.swift */; };
		B5E929272AF2C74200272193 /* ICalComponent.swift in Sources */ = {isa = PBXBuildFile; fileRef = B5E929032AF2C74200272193 /* ICalComponent.swift */; };
		B5E929282AF2C74200272193 /* ICalEvent.swift in Sources */ = {isa = PBXBuildFile; fileRef = B5E929042AF2C74200272193 /* ICalEvent.swift */; };
		B5E929292AF2C74200272193 /* DateTimeUtil.swift in Sources */ = {isa = PBXBuildFile; fileRef = B5E929062AF2C74200272193 /* DateTimeUtil.swift */; };
		B5E9292A2AF2C74200272193 /* VPropertyEncodable.swift in Sources */ = {isa = PBXBuildFile; fileRef = B5E929082AF2C74200272193 /* VPropertyEncodable.swift */; };
		B5E9292B2AF2C74200272193 /* VEncodable.swift in Sources */ = {isa = PBXBuildFile; fileRef = B5E929092AF2C74200272193 /* VEncodable.swift */; };
		B5E9292C2AF2C74200272193 /* VComponent.swift in Sources */ = {isa = PBXBuildFile; fileRef = B5E9290A2AF2C74200272193 /* VComponent.swift */; };
		B5E9292D2AF2C74200272193 /* ICalParser.swift in Sources */ = {isa = PBXBuildFile; fileRef = B5E9290C2AF2C74200272193 /* ICalParser.swift */; };
		B5E9292E2AF2C74200272193 /* Constant.swift in Sources */ = {isa = PBXBuildFile; fileRef = B5E9290E2AF2C74200272193 /* Constant.swift */; };
		B5E9292F2AF2C74200272193 /* PropertyBuilder.swift in Sources */ = {isa = PBXBuildFile; fileRef = B5E929102AF2C74200272193 /* PropertyBuilder.swift */; };
		B5E929302AF2C74200272193 /* ICalDateTime.swift in Sources */ = {isa = PBXBuildFile; fileRef = B5E929122AF2C74200272193 /* ICalDateTime.swift */; };
		B5E929312AF2C74200272193 /* ICalDuration.swift in Sources */ = {isa = PBXBuildFile; fileRef = B5E929132AF2C74200272193 /* ICalDuration.swift */; };
		B5E929322AF2C74200272193 /* ICalParameter.swift in Sources */ = {isa = PBXBuildFile; fileRef = B5E929142AF2C74200272193 /* ICalParameter.swift */; };
		B5E929332AF2C74200272193 /* VContentLine.swift in Sources */ = {isa = PBXBuildFile; fileRef = B5E929152AF2C74200272193 /* VContentLine.swift */; };
		B5E929342AF2C74200272193 /* ICalRRule.swift in Sources */ = {isa = PBXBuildFile; fileRef = B5E929162AF2C74200272193 /* ICalRRule.swift */; };
		B5E929352AF2C74200272193 /* ICalProductIdentifier.swift in Sources */ = {isa = PBXBuildFile; fileRef = B5E929172AF2C74200272193 /* ICalProductIdentifier.swift */; };
		B5E929362AF2C74200272193 /* ICalDateTimes.swift in Sources */ = {isa = PBXBuildFile; fileRef = B5E929182AF2C74200272193 /* ICalDateTimes.swift */; };
		B5E929372AF2C74200272193 /* ICalPeriod.swift in Sources */ = {isa = PBXBuildFile; fileRef = B5E929192AF2C74200272193 /* ICalPeriod.swift */; };
		B5E929382AF2C74200272193 /* ICalAttachment.swift in Sources */ = {isa = PBXBuildFile; fileRef = B5E9291A2AF2C74200272193 /* ICalAttachment.swift */; };
		B5E929522AF2C8D800272193 /* Concept3DError.swift in Sources */ = {isa = PBXBuildFile; fileRef = B5E9294A2AF2C8D800272193 /* Concept3DError.swift */; };
		B5E929532AF2C8D800272193 /* Concept3D.swift in Sources */ = {isa = PBXBuildFile; fileRef = B5E9294B2AF2C8D800272193 /* Concept3D.swift */; };
		B5E929542AF2C8D800272193 /* Concept3DCategory.swift in Sources */ = {isa = PBXBuildFile; fileRef = B5E9294D2AF2C8D800272193 /* Concept3DCategory.swift */; };
		B5E929552AF2C8D800272193 /* Concept3DLocationDetails.swift in Sources */ = {isa = PBXBuildFile; fileRef = B5E9294E2AF2C8D800272193 /* Concept3DLocationDetails.swift */; };
		B5E929562AF2C8D800272193 /* Concept3DLocation.swift in Sources */ = {isa = PBXBuildFile; fileRef = B5E9294F2AF2C8D800272193 /* Concept3DLocation.swift */; };
		B5E929572AF2C8D800272193 /* Concept3DLocationImage.swift in Sources */ = {isa = PBXBuildFile; fileRef = B5E929502AF2C8D800272193 /* Concept3DLocationImage.swift */; };
		B5E929582AF2C8D800272193 /* Concept3DEndpoint.swift in Sources */ = {isa = PBXBuildFile; fileRef = B5E929512AF2C8D800272193 /* Concept3DEndpoint.swift */; };
/* End PBXBuildFile section */

/* Begin PBXFileReference section */
		B51CCBEB2B1A5A7D0099AB6B /* CatalogARView.swift */ = {isa = PBXFileReference; lastKnownFileType = sourcecode.swift; path = CatalogARView.swift; sourceTree = "<group>"; };
		B51CCBED2B1A5B620099AB6B /* CatalogARSessionManager+ARSessionDelegate.swift */ = {isa = PBXFileReference; lastKnownFileType = sourcecode.swift; path = "CatalogARSessionManager+ARSessionDelegate.swift"; sourceTree = "<group>"; };
		B579986F2B1C5A9E00CDFFB0 /* ARSessionError.swift */ = {isa = PBXFileReference; lastKnownFileType = sourcecode.swift; path = ARSessionError.swift; sourceTree = "<group>"; };
		B57998712B1C60AF00CDFFB0 /* GARSessionError.swift */ = {isa = PBXFileReference; lastKnownFileType = sourcecode.swift; path = GARSessionError.swift; sourceTree = "<group>"; };
		B57998732B1D596900CDFFB0 /* CatalogARSessionStatistics.swift */ = {isa = PBXFileReference; lastKnownFileType = sourcecode.swift; path = CatalogARSessionStatistics.swift; sourceTree = "<group>"; };
		B5C0AD892AF2D18300F4F752 /* NavigationToolbar.swift */ = {isa = PBXFileReference; fileEncoding = 4; lastKnownFileType = sourcecode.swift; path = NavigationToolbar.swift; sourceTree = "<group>"; };
		B5C0AD8A2AF2D18300F4F752 /* Colors.swift */ = {isa = PBXFileReference; fileEncoding = 4; lastKnownFileType = sourcecode.swift; path = Colors.swift; sourceTree = "<group>"; };
		B5C0AD8D2AF2D18B00F4F752 /* Secrets.swift */ = {isa = PBXFileReference; fileEncoding = 4; lastKnownFileType = sourcecode.swift; path = Secrets.swift; sourceTree = "<group>"; };
		B5C0AD902AF2D1D700F4F752 /* EventFeedScrollView.swift */ = {isa = PBXFileReference; fileEncoding = 4; lastKnownFileType = sourcecode.swift; path = EventFeedScrollView.swift; sourceTree = "<group>"; };
		B5C0AD912AF2D1D700F4F752 /* EventDetailsView.swift */ = {isa = PBXFileReference; fileEncoding = 4; lastKnownFileType = sourcecode.swift; path = EventDetailsView.swift; sourceTree = "<group>"; };
		B5C0AD922AF2D1D700F4F752 /* EventRowView.swift */ = {isa = PBXFileReference; fileEncoding = 4; lastKnownFileType = sourcecode.swift; path = EventRowView.swift; sourceTree = "<group>"; };
		B5C0AD952AF2D1D700F4F752 /* Concept3DCategoryListView.swift */ = {isa = PBXFileReference; fileEncoding = 4; lastKnownFileType = sourcecode.swift; path = Concept3DCategoryListView.swift; sourceTree = "<group>"; };
		B5C0AD962AF2D1D700F4F752 /* Concept3DCategoryView.swift */ = {isa = PBXFileReference; fileEncoding = 4; lastKnownFileType = sourcecode.swift; path = Concept3DCategoryView.swift; sourceTree = "<group>"; };
		B5C0AD972AF2D1D700F4F752 /* LocationCollectionCardView.swift */ = {isa = PBXFileReference; fileEncoding = 4; lastKnownFileType = sourcecode.swift; path = LocationCollectionCardView.swift; sourceTree = "<group>"; };
		B5C0AD982AF2D1D700F4F752 /* LocationDetailsView.swift */ = {isa = PBXFileReference; fileEncoding = 4; lastKnownFileType = sourcecode.swift; path = LocationDetailsView.swift; sourceTree = "<group>"; };
		B5C0ADA22AF2D2A400F4F752 /* HomeView.swift */ = {isa = PBXFileReference; fileEncoding = 4; lastKnownFileType = sourcecode.swift; path = HomeView.swift; sourceTree = "<group>"; };
		B5C427E82B1C17B700B2650F /* LocationManager.swift */ = {isa = PBXFileReference; lastKnownFileType = sourcecode.swift; path = LocationManager.swift; sourceTree = "<group>"; };
		B5C427EA2B1C1B8000B2650F /* CatalogARSessionManager.swift */ = {isa = PBXFileReference; lastKnownFileType = sourcecode.swift; path = CatalogARSessionManager.swift; sourceTree = "<group>"; };
		B5C427ED2B1C2AEA00B2650F /* WrappedUIView.swift */ = {isa = PBXFileReference; lastKnownFileType = sourcecode.swift; path = WrappedUIView.swift; sourceTree = "<group>"; };
		B5C427F02B1C2EEC00B2650F /* CatalogARSessionManager+ARSCNViewDelegate.swift */ = {isa = PBXFileReference; lastKnownFileType = sourcecode.swift; path = "CatalogARSessionManager+ARSCNViewDelegate.swift"; sourceTree = "<group>"; };
		B5C8281D2B01483300471A0E /* GoogleService-Info.plist */ = {isa = PBXFileReference; fileEncoding = 4; lastKnownFileType = text.plist.xml; path = "GoogleService-Info.plist"; sourceTree = "<group>"; };
		B5E10F432B197EA0005B0733 /* LocalizationState.swift */ = {isa = PBXFileReference; lastKnownFileType = sourcecode.swift; path = LocalizationState.swift; sourceTree = "<group>"; };
		B5E10F4F2B1993E2005B0733 /* RooftopState.swift */ = {isa = PBXFileReference; lastKnownFileType = sourcecode.swift; path = RooftopState.swift; sourceTree = "<group>"; };
		B5E10F512B199A36005B0733 /* AnchorManager.swift */ = {isa = PBXFileReference; lastKnownFileType = sourcecode.swift; path = AnchorManager.swift; sourceTree = "<group>"; };
		B5E10F582B19A1E9005B0733 /* CardNodeUIView.swift */ = {isa = PBXFileReference; fileEncoding = 4; lastKnownFileType = sourcecode.swift; path = CardNodeUIView.swift; sourceTree = "<group>"; };
		B5E10F592B19A1E9005B0733 /* CardNode.swift */ = {isa = PBXFileReference; fileEncoding = 4; lastKnownFileType = sourcecode.swift; path = CardNode.swift; sourceTree = "<group>"; };
		B5E10F5C2B19A299005B0733 /* MaterialBuilder.swift */ = {isa = PBXFileReference; fileEncoding = 4; lastKnownFileType = sourcecode.swift; path = MaterialBuilder.swift; sourceTree = "<group>"; };
		B5E928992AF2C5DE00272193 /* CSUSM AR.app */ = {isa = PBXFileReference; explicitFileType = wrapper.application; includeInIndex = 0; path = "CSUSM AR.app"; sourceTree = BUILT_PRODUCTS_DIR; };
		B5E9289C2AF2C5DE00272193 /* CSUSM_ARApp.swift */ = {isa = PBXFileReference; lastKnownFileType = sourcecode.swift; path = CSUSM_ARApp.swift; sourceTree = "<group>"; };
		B5E928A02AF2C5DF00272193 /* Assets.xcassets */ = {isa = PBXFileReference; lastKnownFileType = folder.assetcatalog; path = Assets.xcassets; sourceTree = "<group>"; };
		B5E928A32AF2C5DF00272193 /* Preview Assets.xcassets */ = {isa = PBXFileReference; lastKnownFileType = folder.assetcatalog; path = "Preview Assets.xcassets"; sourceTree = "<group>"; };
		B5E928F62AF2C74200272193 /* String+Utilities.swift */ = {isa = PBXFileReference; fileEncoding = 4; lastKnownFileType = sourcecode.swift; path = "String+Utilities.swift"; sourceTree = "<group>"; };
		B5E928F72AF2C74200272193 /* Bool+VPropertyEncodable.swift */ = {isa = PBXFileReference; fileEncoding = 4; lastKnownFileType = sourcecode.swift; path = "Bool+VPropertyEncodable.swift"; sourceTree = "<group>"; };
		B5E928F82AF2C74200272193 /* String+VPropertyEncodable.swift */ = {isa = PBXFileReference; fileEncoding = 4; lastKnownFileType = sourcecode.swift; path = "String+VPropertyEncodable.swift"; sourceTree = "<group>"; };
		B5E928F92AF2C74200272193 /* Date+VPropertyEncodable.swift */ = {isa = PBXFileReference; fileEncoding = 4; lastKnownFileType = sourcecode.swift; path = "Date+VPropertyEncodable.swift"; sourceTree = "<group>"; };
		B5E928FA2AF2C74200272193 /* URL+VPropertyEncodable.swift */ = {isa = PBXFileReference; fileEncoding = 4; lastKnownFileType = sourcecode.swift; path = "URL+VPropertyEncodable.swift"; sourceTree = "<group>"; };
		B5E928FB2AF2C74200272193 /* UUID+VPropertyEncodable.swift */ = {isa = PBXFileReference; fileEncoding = 4; lastKnownFileType = sourcecode.swift; path = "UUID+VPropertyEncodable.swift"; sourceTree = "<group>"; };
		B5E928FC2AF2C74200272193 /* Int+VPropertyEncodable.swift */ = {isa = PBXFileReference; fileEncoding = 4; lastKnownFileType = sourcecode.swift; path = "Int+VPropertyEncodable.swift"; sourceTree = "<group>"; };
		B5E928FE2AF2C74200272193 /* ICalAlarm.swift */ = {isa = PBXFileReference; fileEncoding = 4; lastKnownFileType = sourcecode.swift; path = ICalAlarm.swift; sourceTree = "<group>"; };
		B5E928FF2AF2C74200272193 /* ICalendar.swift */ = {isa = PBXFileReference; fileEncoding = 4; lastKnownFileType = sourcecode.swift; path = ICalendar.swift; sourceTree = "<group>"; };
		B5E929002AF2C74200272193 /* ICalSubTimeZone.swift */ = {isa = PBXFileReference; fileEncoding = 4; lastKnownFileType = sourcecode.swift; path = ICalSubTimeZone.swift; sourceTree = "<group>"; };
		B5E929012AF2C74200272193 /* XTrumbaField.swift */ = {isa = PBXFileReference; fileEncoding = 4; lastKnownFileType = sourcecode.swift; path = XTrumbaField.swift; sourceTree = "<group>"; };
		B5E929022AF2C74200272193 /* ICalTimeZone.swift */ = {isa = PBXFileReference; fileEncoding = 4; lastKnownFileType = sourcecode.swift; path = ICalTimeZone.swift; sourceTree = "<group>"; };
		B5E929032AF2C74200272193 /* ICalComponent.swift */ = {isa = PBXFileReference; fileEncoding = 4; lastKnownFileType = sourcecode.swift; path = ICalComponent.swift; sourceTree = "<group>"; };
		B5E929042AF2C74200272193 /* ICalEvent.swift */ = {isa = PBXFileReference; fileEncoding = 4; lastKnownFileType = sourcecode.swift; path = ICalEvent.swift; sourceTree = "<group>"; };
		B5E929062AF2C74200272193 /* DateTimeUtil.swift */ = {isa = PBXFileReference; fileEncoding = 4; lastKnownFileType = sourcecode.swift; path = DateTimeUtil.swift; sourceTree = "<group>"; };
		B5E929082AF2C74200272193 /* VPropertyEncodable.swift */ = {isa = PBXFileReference; fileEncoding = 4; lastKnownFileType = sourcecode.swift; path = VPropertyEncodable.swift; sourceTree = "<group>"; };
		B5E929092AF2C74200272193 /* VEncodable.swift */ = {isa = PBXFileReference; fileEncoding = 4; lastKnownFileType = sourcecode.swift; path = VEncodable.swift; sourceTree = "<group>"; };
		B5E9290A2AF2C74200272193 /* VComponent.swift */ = {isa = PBXFileReference; fileEncoding = 4; lastKnownFileType = sourcecode.swift; path = VComponent.swift; sourceTree = "<group>"; };
		B5E9290C2AF2C74200272193 /* ICalParser.swift */ = {isa = PBXFileReference; fileEncoding = 4; lastKnownFileType = sourcecode.swift; path = ICalParser.swift; sourceTree = "<group>"; };
		B5E9290E2AF2C74200272193 /* Constant.swift */ = {isa = PBXFileReference; fileEncoding = 4; lastKnownFileType = sourcecode.swift; path = Constant.swift; sourceTree = "<group>"; };
		B5E929102AF2C74200272193 /* PropertyBuilder.swift */ = {isa = PBXFileReference; fileEncoding = 4; lastKnownFileType = sourcecode.swift; path = PropertyBuilder.swift; sourceTree = "<group>"; };
		B5E929122AF2C74200272193 /* ICalDateTime.swift */ = {isa = PBXFileReference; fileEncoding = 4; lastKnownFileType = sourcecode.swift; path = ICalDateTime.swift; sourceTree = "<group>"; };
		B5E929132AF2C74200272193 /* ICalDuration.swift */ = {isa = PBXFileReference; fileEncoding = 4; lastKnownFileType = sourcecode.swift; path = ICalDuration.swift; sourceTree = "<group>"; };
		B5E929142AF2C74200272193 /* ICalParameter.swift */ = {isa = PBXFileReference; fileEncoding = 4; lastKnownFileType = sourcecode.swift; path = ICalParameter.swift; sourceTree = "<group>"; };
		B5E929152AF2C74200272193 /* VContentLine.swift */ = {isa = PBXFileReference; fileEncoding = 4; lastKnownFileType = sourcecode.swift; path = VContentLine.swift; sourceTree = "<group>"; };
		B5E929162AF2C74200272193 /* ICalRRule.swift */ = {isa = PBXFileReference; fileEncoding = 4; lastKnownFileType = sourcecode.swift; path = ICalRRule.swift; sourceTree = "<group>"; };
		B5E929172AF2C74200272193 /* ICalProductIdentifier.swift */ = {isa = PBXFileReference; fileEncoding = 4; lastKnownFileType = sourcecode.swift; path = ICalProductIdentifier.swift; sourceTree = "<group>"; };
		B5E929182AF2C74200272193 /* ICalDateTimes.swift */ = {isa = PBXFileReference; fileEncoding = 4; lastKnownFileType = sourcecode.swift; path = ICalDateTimes.swift; sourceTree = "<group>"; };
		B5E929192AF2C74200272193 /* ICalPeriod.swift */ = {isa = PBXFileReference; fileEncoding = 4; lastKnownFileType = sourcecode.swift; path = ICalPeriod.swift; sourceTree = "<group>"; };
		B5E9291A2AF2C74200272193 /* ICalAttachment.swift */ = {isa = PBXFileReference; fileEncoding = 4; lastKnownFileType = sourcecode.swift; path = ICalAttachment.swift; sourceTree = "<group>"; };
		B5E9294A2AF2C8D800272193 /* Concept3DError.swift */ = {isa = PBXFileReference; fileEncoding = 4; lastKnownFileType = sourcecode.swift; path = Concept3DError.swift; sourceTree = "<group>"; };
		B5E9294B2AF2C8D800272193 /* Concept3D.swift */ = {isa = PBXFileReference; fileEncoding = 4; lastKnownFileType = sourcecode.swift; path = Concept3D.swift; sourceTree = "<group>"; };
		B5E9294D2AF2C8D800272193 /* Concept3DCategory.swift */ = {isa = PBXFileReference; fileEncoding = 4; lastKnownFileType = sourcecode.swift; path = Concept3DCategory.swift; sourceTree = "<group>"; };
		B5E9294E2AF2C8D800272193 /* Concept3DLocationDetails.swift */ = {isa = PBXFileReference; fileEncoding = 4; lastKnownFileType = sourcecode.swift; path = Concept3DLocationDetails.swift; sourceTree = "<group>"; };
		B5E9294F2AF2C8D800272193 /* Concept3DLocation.swift */ = {isa = PBXFileReference; fileEncoding = 4; lastKnownFileType = sourcecode.swift; path = Concept3DLocation.swift; sourceTree = "<group>"; };
		B5E929502AF2C8D800272193 /* Concept3DLocationImage.swift */ = {isa = PBXFileReference; fileEncoding = 4; lastKnownFileType = sourcecode.swift; path = Concept3DLocationImage.swift; sourceTree = "<group>"; };
		B5E929512AF2C8D800272193 /* Concept3DEndpoint.swift */ = {isa = PBXFileReference; fileEncoding = 4; lastKnownFileType = sourcecode.swift; path = Concept3DEndpoint.swift; sourceTree = "<group>"; };
/* End PBXFileReference section */

/* Begin PBXFrameworksBuildPhase section */
		B5E928962AF2C5DE00272193 /* Frameworks */ = {
			isa = PBXFrameworksBuildPhase;
			buildActionMask = 2147483647;
			files = (
				B5C8281C2B013F5300471A0E /* ARCoreCloudAnchors in Frameworks */,
				B51544552AF876D80081B3A9 /* ARCoreGARSession in Frameworks */,
				B5C828212B01486500471A0E /* FirebaseAnalytics in Frameworks */,
				B5C828232B01486500471A0E /* FirebaseAnalyticsOnDeviceConversion in Frameworks */,
				B5C828252B01486500471A0E /* FirebaseAnalyticsSwift in Frameworks */,
				B515445F2AF8873D0081B3A9 /* ARCoreGeospatial in Frameworks */,
				B5E3907D2AF847A700B447B7 /* RKPath in Frameworks */,
				B5C828272B01486500471A0E /* FirebaseAnalyticsWithoutAdIdSupport in Frameworks */,
				B5C8282D2B014FBD00471A0E /* FirebaseDatabase in Frameworks */,
				B5C828292B01486500471A0E /* FirebaseAppCheck in Frameworks */,
				B5E928AC2AF2C6A700272193 /* SwiftSoup in Frameworks */,
			);
			runOnlyForDeploymentPostprocessing = 0;
		};
/* End PBXFrameworksBuildPhase section */

/* Begin PBXGroup section */
		B51CCBE62B1A57A00099AB6B /* Views */ = {
			isa = PBXGroup;
			children = (
				B51CCBEA2B1A5A3E0099AB6B /* CatalogARView */,
				B5E10F532B19A1AE005B0733 /* Card Node */,
			);
			path = Views;
			sourceTree = "<group>";
		};
		B51CCBEA2B1A5A3E0099AB6B /* CatalogARView */ = {
			isa = PBXGroup;
			children = (
				B51CCBEB2B1A5A7D0099AB6B /* CatalogARView.swift */,
			);
			path = CatalogARView;
			sourceTree = "<group>";
		};
		B5C0AD882AF2D18300F4F752 /* Extensions */ = {
			isa = PBXGroup;
			children = (
				B5E10F4F2B1993E2005B0733 /* RooftopState.swift */,
				B57998712B1C60AF00CDFFB0 /* GARSessionError.swift */,
				B5C0AD892AF2D18300F4F752 /* NavigationToolbar.swift */,
				B5C0AD8A2AF2D18300F4F752 /* Colors.swift */,
			);
			path = Extensions;
			sourceTree = "<group>";
		};
		B5C0AD8F2AF2D1D700F4F752 /* Featured Events */ = {
			isa = PBXGroup;
			children = (
				B5C0AD902AF2D1D700F4F752 /* EventFeedScrollView.swift */,
				B5C0AD912AF2D1D700F4F752 /* EventDetailsView.swift */,
				B5C0AD922AF2D1D700F4F752 /* EventRowView.swift */,
			);
			path = "Featured Events";
			sourceTree = "<group>";
		};
		B5C0AD932AF2D1D700F4F752 /* Location Directory */ = {
			isa = PBXGroup;
			children = (
				B5C0AD942AF2D1D700F4F752 /* Concept3D */,
				B5C0AD972AF2D1D700F4F752 /* LocationCollectionCardView.swift */,
				B5C0AD982AF2D1D700F4F752 /* LocationDetailsView.swift */,
			);
			path = "Location Directory";
			sourceTree = "<group>";
		};
		B5C0AD942AF2D1D700F4F752 /* Concept3D */ = {
			isa = PBXGroup;
			children = (
				B5C0AD952AF2D1D700F4F752 /* Concept3DCategoryListView.swift */,
				B5C0AD962AF2D1D700F4F752 /* Concept3DCategoryView.swift */,
			);
			path = Concept3D;
			sourceTree = "<group>";
		};
		B5C427EC2B1C2AC700B2650F /* Wrappers */ = {
			isa = PBXGroup;
			children = (
				B5C427ED2B1C2AEA00B2650F /* WrappedUIView.swift */,
			);
			path = Wrappers;
			sourceTree = "<group>";
		};
		B5C427EF2B1C2E8400B2650F /* Session Manager */ = {
			isa = PBXGroup;
			children = (
				B5C427EA2B1C1B8000B2650F /* CatalogARSessionManager.swift */,
				B51CCBED2B1A5B620099AB6B /* CatalogARSessionManager+ARSessionDelegate.swift */,
				B5C427F02B1C2EEC00B2650F /* CatalogARSessionManager+ARSCNViewDelegate.swift */,
				B57998732B1D596900CDFFB0 /* CatalogARSessionStatistics.swift */,
			);
			path = "Session Manager";
			sourceTree = "<group>";
		};
		B5E10F3F2B197DA9005B0733 /* Augmented Reality */ = {
			isa = PBXGroup;
			children = (
				B5C427EF2B1C2E8400B2650F /* Session Manager */,
				B51CCBE62B1A57A00099AB6B /* Views */,
				B5E10F422B197E8D005B0733 /* States */,
				B5E10F512B199A36005B0733 /* AnchorManager.swift */,
				B5C427E82B1C17B700B2650F /* LocationManager.swift */,
			);
			path = "Augmented Reality";
			sourceTree = "<group>";
		};
		B5E10F422B197E8D005B0733 /* States */ = {
			isa = PBXGroup;
			children = (
				B579986F2B1C5A9E00CDFFB0 /* ARSessionError.swift */,
				B5E10F432B197EA0005B0733 /* LocalizationState.swift */,
			);
			path = States;
			sourceTree = "<group>";
		};
		B5E10F532B19A1AE005B0733 /* Card Node */ = {
			isa = PBXGroup;
			children = (
				B5E10F5C2B19A299005B0733 /* MaterialBuilder.swift */,
				B5E10F592B19A1E9005B0733 /* CardNode.swift */,
				B5E10F582B19A1E9005B0733 /* CardNodeUIView.swift */,
			);
			path = "Card Node";
			sourceTree = "<group>";
		};
		B5E928902AF2C5DE00272193 = {
			isa = PBXGroup;
			children = (
				B5C0AD8D2AF2D18B00F4F752 /* Secrets.swift */,
				B5E9289B2AF2C5DE00272193 /* CSUSM AR */,
				B5E9289A2AF2C5DE00272193 /* Products */,
				B5C427EC2B1C2AC700B2650F /* Wrappers */,
				B5C0AD882AF2D18300F4F752 /* Extensions */,
				B5E928AD2AF2C6D900272193 /* Frameworks */,
			);
			sourceTree = "<group>";
		};
		B5E9289A2AF2C5DE00272193 /* Products */ = {
			isa = PBXGroup;
			children = (
				B5E928992AF2C5DE00272193 /* CSUSM AR.app */,
			);
			name = Products;
			sourceTree = "<group>";
		};
		B5E9289B2AF2C5DE00272193 /* CSUSM AR */ = {
			isa = PBXGroup;
			children = (
				B5C8281D2B01483300471A0E /* GoogleService-Info.plist */,
				B5E10F3F2B197DA9005B0733 /* Augmented Reality */,
				B5C0AD8F2AF2D1D700F4F752 /* Featured Events */,
				B5C0AD932AF2D1D700F4F752 /* Location Directory */,
				B5E9289C2AF2C5DE00272193 /* CSUSM_ARApp.swift */,
				B5C0ADA22AF2D2A400F4F752 /* HomeView.swift */,
				B5E928A02AF2C5DF00272193 /* Assets.xcassets */,
				B5E928A22AF2C5DF00272193 /* Preview Content */,
			);
			path = "CSUSM AR";
			sourceTree = "<group>";
		};
		B5E928A22AF2C5DF00272193 /* Preview Content */ = {
			isa = PBXGroup;
			children = (
				B5E928A32AF2C5DF00272193 /* Preview Assets.xcassets */,
			);
			path = "Preview Content";
			sourceTree = "<group>";
		};
		B5E928AD2AF2C6D900272193 /* Frameworks */ = {
			isa = PBXGroup;
			children = (
				B5E929492AF2C8D800272193 /* Concept3D */,
				B5E928F42AF2C74200272193 /* iCalSwift */,
			);
			name = Frameworks;
			sourceTree = "<group>";
		};
		B5E928F42AF2C74200272193 /* iCalSwift */ = {
			isa = PBXGroup;
			children = (
				B5E928F52AF2C74200272193 /* Extension */,
				B5E928FD2AF2C74200272193 /* Component */,
				B5E929052AF2C74200272193 /* Utils */,
				B5E929072AF2C74200272193 /* Protocol */,
				B5E9290B2AF2C74200272193 /* Parser */,
				B5E9290D2AF2C74200272193 /* Constant */,
				B5E9290F2AF2C74200272193 /* Builder */,
				B5E929112AF2C74200272193 /* Structure */,
			);
			name = iCalSwift;
			path = Frameworks/iCalSwift;
			sourceTree = "<group>";
		};
		B5E928F52AF2C74200272193 /* Extension */ = {
			isa = PBXGroup;
			children = (
				B5E928F62AF2C74200272193 /* String+Utilities.swift */,
				B5E928F72AF2C74200272193 /* Bool+VPropertyEncodable.swift */,
				B5E928F82AF2C74200272193 /* String+VPropertyEncodable.swift */,
				B5E928F92AF2C74200272193 /* Date+VPropertyEncodable.swift */,
				B5E928FA2AF2C74200272193 /* URL+VPropertyEncodable.swift */,
				B5E928FB2AF2C74200272193 /* UUID+VPropertyEncodable.swift */,
				B5E928FC2AF2C74200272193 /* Int+VPropertyEncodable.swift */,
			);
			path = Extension;
			sourceTree = "<group>";
		};
		B5E928FD2AF2C74200272193 /* Component */ = {
			isa = PBXGroup;
			children = (
				B5E928FE2AF2C74200272193 /* ICalAlarm.swift */,
				B5E928FF2AF2C74200272193 /* ICalendar.swift */,
				B5E929002AF2C74200272193 /* ICalSubTimeZone.swift */,
				B5E929012AF2C74200272193 /* XTrumbaField.swift */,
				B5E929022AF2C74200272193 /* ICalTimeZone.swift */,
				B5E929032AF2C74200272193 /* ICalComponent.swift */,
				B5E929042AF2C74200272193 /* ICalEvent.swift */,
			);
			path = Component;
			sourceTree = "<group>";
		};
		B5E929052AF2C74200272193 /* Utils */ = {
			isa = PBXGroup;
			children = (
				B5E929062AF2C74200272193 /* DateTimeUtil.swift */,
			);
			path = Utils;
			sourceTree = "<group>";
		};
		B5E929072AF2C74200272193 /* Protocol */ = {
			isa = PBXGroup;
			children = (
				B5E929082AF2C74200272193 /* VPropertyEncodable.swift */,
				B5E929092AF2C74200272193 /* VEncodable.swift */,
				B5E9290A2AF2C74200272193 /* VComponent.swift */,
			);
			path = Protocol;
			sourceTree = "<group>";
		};
		B5E9290B2AF2C74200272193 /* Parser */ = {
			isa = PBXGroup;
			children = (
				B5E9290C2AF2C74200272193 /* ICalParser.swift */,
			);
			path = Parser;
			sourceTree = "<group>";
		};
		B5E9290D2AF2C74200272193 /* Constant */ = {
			isa = PBXGroup;
			children = (
				B5E9290E2AF2C74200272193 /* Constant.swift */,
			);
			path = Constant;
			sourceTree = "<group>";
		};
		B5E9290F2AF2C74200272193 /* Builder */ = {
			isa = PBXGroup;
			children = (
				B5E929102AF2C74200272193 /* PropertyBuilder.swift */,
			);
			path = Builder;
			sourceTree = "<group>";
		};
		B5E929112AF2C74200272193 /* Structure */ = {
			isa = PBXGroup;
			children = (
				B5E929122AF2C74200272193 /* ICalDateTime.swift */,
				B5E929132AF2C74200272193 /* ICalDuration.swift */,
				B5E929142AF2C74200272193 /* ICalParameter.swift */,
				B5E929152AF2C74200272193 /* VContentLine.swift */,
				B5E929162AF2C74200272193 /* ICalRRule.swift */,
				B5E929172AF2C74200272193 /* ICalProductIdentifier.swift */,
				B5E929182AF2C74200272193 /* ICalDateTimes.swift */,
				B5E929192AF2C74200272193 /* ICalPeriod.swift */,
				B5E9291A2AF2C74200272193 /* ICalAttachment.swift */,
			);
			path = Structure;
			sourceTree = "<group>";
		};
		B5E929492AF2C8D800272193 /* Concept3D */ = {
			isa = PBXGroup;
			children = (
				B5E9294A2AF2C8D800272193 /* Concept3DError.swift */,
				B5E9294B2AF2C8D800272193 /* Concept3D.swift */,
				B5E9294C2AF2C8D800272193 /* Models */,
				B5E929512AF2C8D800272193 /* Concept3DEndpoint.swift */,
			);
			name = Concept3D;
			path = Frameworks/Concept3D;
			sourceTree = "<group>";
		};
		B5E9294C2AF2C8D800272193 /* Models */ = {
			isa = PBXGroup;
			children = (
				B5E9294D2AF2C8D800272193 /* Concept3DCategory.swift */,
				B5E9294E2AF2C8D800272193 /* Concept3DLocationDetails.swift */,
				B5E9294F2AF2C8D800272193 /* Concept3DLocation.swift */,
				B5E929502AF2C8D800272193 /* Concept3DLocationImage.swift */,
			);
			path = Models;
			sourceTree = "<group>";
		};
/* End PBXGroup section */

/* Begin PBXNativeTarget section */
		B5E928982AF2C5DE00272193 /* CSUSM AR */ = {
			isa = PBXNativeTarget;
			buildConfigurationList = B5E928A72AF2C5DF00272193 /* Build configuration list for PBXNativeTarget "CSUSM AR" */;
			buildPhases = (
				B5E928952AF2C5DE00272193 /* Sources */,
				B5E928962AF2C5DE00272193 /* Frameworks */,
				B5E928972AF2C5DE00272193 /* Resources */,
				B5E10F3E2B197C60005B0733 /* ShellScript */,
			);
			buildRules = (
			);
			dependencies = (
			);
			name = "CSUSM AR";
			packageProductDependencies = (
				B5E928AB2AF2C6A700272193 /* SwiftSoup */,
				B5E3907C2AF847A700B447B7 /* RKPath */,
				B51544542AF876D80081B3A9 /* ARCoreGARSession */,
				B515445E2AF8873D0081B3A9 /* ARCoreGeospatial */,
				B5C8281B2B013F5300471A0E /* ARCoreCloudAnchors */,
				B5C828202B01486500471A0E /* FirebaseAnalytics */,
				B5C828222B01486500471A0E /* FirebaseAnalyticsOnDeviceConversion */,
				B5C828242B01486500471A0E /* FirebaseAnalyticsSwift */,
				B5C828262B01486500471A0E /* FirebaseAnalyticsWithoutAdIdSupport */,
				B5C828282B01486500471A0E /* FirebaseAppCheck */,
				B5C8282C2B014FBD00471A0E /* FirebaseDatabase */,
			);
			productName = "CSUSM AR";
			productReference = B5E928992AF2C5DE00272193 /* CSUSM AR.app */;
			productType = "com.apple.product-type.application";
		};
/* End PBXNativeTarget section */

/* Begin PBXProject section */
		B5E928912AF2C5DE00272193 /* Project object */ = {
			isa = PBXProject;
			attributes = {
				BuildIndependentTargetsInParallel = 1;
				LastSwiftUpdateCheck = 1500;
				LastUpgradeCheck = 1500;
				TargetAttributes = {
					B5E928982AF2C5DE00272193 = {
						CreatedOnToolsVersion = 15.0.1;
					};
				};
			};
			buildConfigurationList = B5E928942AF2C5DE00272193 /* Build configuration list for PBXProject "CSUSM AR" */;
			compatibilityVersion = "Xcode 14.0";
			developmentRegion = en;
			hasScannedForEncodings = 0;
			knownRegions = (
				en,
				Base,
			);
			mainGroup = B5E928902AF2C5DE00272193;
			packageReferences = (
				B5E928AA2AF2C6A700272193 /* XCRemoteSwiftPackageReference "SwiftSoup" */,
				B5E3907B2AF847A700B447B7 /* XCRemoteSwiftPackageReference "RealityKit-Path-Maker" */,
				B51544532AF876D80081B3A9 /* XCRemoteSwiftPackageReference "arcore-ios-sdk" */,
				B5C8281F2B01486500471A0E /* XCRemoteSwiftPackageReference "firebase-ios-sdk" */,
			);
			productRefGroup = B5E9289A2AF2C5DE00272193 /* Products */;
			projectDirPath = "";
			projectRoot = "";
			targets = (
				B5E928982AF2C5DE00272193 /* CSUSM AR */,
			);
		};
/* End PBXProject section */

/* Begin PBXResourcesBuildPhase section */
		B5E928972AF2C5DE00272193 /* Resources */ = {
			isa = PBXResourcesBuildPhase;
			buildActionMask = 2147483647;
			files = (
				B5E928A42AF2C5DF00272193 /* Preview Assets.xcassets in Resources */,
				B5E928A12AF2C5DF00272193 /* Assets.xcassets in Resources */,
				B5C8281E2B01483300471A0E /* GoogleService-Info.plist in Resources */,
			);
			runOnlyForDeploymentPostprocessing = 0;
		};
/* End PBXResourcesBuildPhase section */

/* Begin PBXShellScriptBuildPhase section */
		B5E10F3E2B197C60005B0733 /* ShellScript */ = {
			isa = PBXShellScriptBuildPhase;
			buildActionMask = 2147483647;
			files = (
			);
			inputFileListPaths = (
			);
			inputPaths = (
			);
			outputFileListPaths = (
			);
			outputPaths = (
			);
			runOnlyForDeploymentPostprocessing = 0;
			shellPath = /bin/sh;
			shellScript = "
";
		};
/* End PBXShellScriptBuildPhase section */

/* Begin PBXSourcesBuildPhase section */
		B5E928952AF2C5DE00272193 /* Sources */ = {
			isa = PBXSourcesBuildPhase;
			buildActionMask = 2147483647;
			files = (
				B5E929272AF2C74200272193 /* ICalComponent.swift in Sources */,
				B57998722B1C60AF00CDFFB0 /* GARSessionError.swift in Sources */,
				B51CCBEC2B1A5A7D0099AB6B /* CatalogARView.swift in Sources */,
				B5E929312AF2C74200272193 /* ICalDuration.swift in Sources */,
				B5C0ADA32AF2D2A400F4F752 /* HomeView.swift in Sources */,
				B5E9291B2AF2C74200272193 /* String+Utilities.swift in Sources */,
				B5E9292B2AF2C74200272193 /* VEncodable.swift in Sources */,
				B5E929582AF2C8D800272193 /* Concept3DEndpoint.swift in Sources */,
				B5E10F522B199A36005B0733 /* AnchorManager.swift in Sources */,
				B5E929202AF2C74200272193 /* UUID+VPropertyEncodable.swift in Sources */,
				B5C427EB2B1C1B8000B2650F /* CatalogARSessionManager.swift in Sources */,
				B5E9291F2AF2C74200272193 /* URL+VPropertyEncodable.swift in Sources */,
				B5C0AD992AF2D1D700F4F752 /* EventFeedScrollView.swift in Sources */,
				B5E929552AF2C8D800272193 /* Concept3DLocationDetails.swift in Sources */,
				B5E929282AF2C74200272193 /* ICalEvent.swift in Sources */,
				B5C427E92B1C17B700B2650F /* LocationManager.swift in Sources */,
				B5C427F12B1C2EEC00B2650F /* CatalogARSessionManager+ARSCNViewDelegate.swift in Sources */,
				B5E929252AF2C74200272193 /* XTrumbaField.swift in Sources */,
				B5E929342AF2C74200272193 /* ICalRRule.swift in Sources */,
				B5E10F5D2B19A299005B0733 /* MaterialBuilder.swift in Sources */,
				B5E9289D2AF2C5DE00272193 /* CSUSM_ARApp.swift in Sources */,
				B5E10F442B197EA0005B0733 /* LocalizationState.swift in Sources */,
				B5E929532AF2C8D800272193 /* Concept3D.swift in Sources */,
				B5E929522AF2C8D800272193 /* Concept3DError.swift in Sources */,
				B5E9291C2AF2C74200272193 /* Bool+VPropertyEncodable.swift in Sources */,
				B5E929232AF2C74200272193 /* ICalendar.swift in Sources */,
				B5C0AD9F2AF2D1D700F4F752 /* LocationDetailsView.swift in Sources */,
				B5E9292D2AF2C74200272193 /* ICalParser.swift in Sources */,
				B5E929332AF2C74200272193 /* VContentLine.swift in Sources */,
				B5C0AD9A2AF2D1D700F4F752 /* EventDetailsView.swift in Sources */,
				B57998742B1D596900CDFFB0 /* CatalogARSessionStatistics.swift in Sources */,
				B5E10F5A2B19A1E9005B0733 /* CardNodeUIView.swift in Sources */,
				B5E929212AF2C74200272193 /* Int+VPropertyEncodable.swift in Sources */,
				B51CCBEE2B1A5B620099AB6B /* CatalogARSessionManager+ARSessionDelegate.swift in Sources */,
				B5E929322AF2C74200272193 /* ICalParameter.swift in Sources */,
				B5C0AD8B2AF2D18300F4F752 /* NavigationToolbar.swift in Sources */,
				B57998702B1C5A9E00CDFFB0 /* ARSessionError.swift in Sources */,
				B5E929382AF2C74200272193 /* ICalAttachment.swift in Sources */,
				B5E9291D2AF2C74200272193 /* String+VPropertyEncodable.swift in Sources */,
				B5C0AD9E2AF2D1D700F4F752 /* LocationCollectionCardView.swift in Sources */,
				B5C0AD8C2AF2D18300F4F752 /* Colors.swift in Sources */,
				B5E929542AF2C8D800272193 /* Concept3DCategory.swift in Sources */,
				B5E929222AF2C74200272193 /* ICalAlarm.swift in Sources */,
				B5E929372AF2C74200272193 /* ICalPeriod.swift in Sources */,
				B5E929262AF2C74200272193 /* ICalTimeZone.swift in Sources */,
				B5C0AD9D2AF2D1D700F4F752 /* Concept3DCategoryView.swift in Sources */,
				B5E929352AF2C74200272193 /* ICalProductIdentifier.swift in Sources */,
				B5E929362AF2C74200272193 /* ICalDateTimes.swift in Sources */,
				B5E929292AF2C74200272193 /* DateTimeUtil.swift in Sources */,
				B5E9292C2AF2C74200272193 /* VComponent.swift in Sources */,
				B5E929242AF2C74200272193 /* ICalSubTimeZone.swift in Sources */,
				B5E929302AF2C74200272193 /* ICalDateTime.swift in Sources */,
				B5E929572AF2C8D800272193 /* Concept3DLocationImage.swift in Sources */,
				B5C0AD9C2AF2D1D700F4F752 /* Concept3DCategoryListView.swift in Sources */,
				B5E9292E2AF2C74200272193 /* Constant.swift in Sources */,
				B5C0AD9B2AF2D1D700F4F752 /* EventRowView.swift in Sources */,
				B5E10F5B2B19A1E9005B0733 /* CardNode.swift in Sources */,
				B5C0AD8E2AF2D18B00F4F752 /* Secrets.swift in Sources */,
				B5E9291E2AF2C74200272193 /* Date+VPropertyEncodable.swift in Sources */,
				B5E9292F2AF2C74200272193 /* PropertyBuilder.swift in Sources */,
				B5E9292A2AF2C74200272193 /* VPropertyEncodable.swift in Sources */,
				B5E929562AF2C8D800272193 /* Concept3DLocation.swift in Sources */,
				B5E10F502B1993E2005B0733 /* RooftopState.swift in Sources */,
				B5C427EE2B1C2AEA00B2650F /* WrappedUIView.swift in Sources */,
			);
			runOnlyForDeploymentPostprocessing = 0;
		};
/* End PBXSourcesBuildPhase section */

/* Begin XCBuildConfiguration section */
		B5E928A52AF2C5DF00272193 /* Debug */ = {
			isa = XCBuildConfiguration;
			buildSettings = {
				ALWAYS_SEARCH_USER_PATHS = NO;
				ASSETCATALOG_COMPILER_GENERATE_SWIFT_ASSET_SYMBOL_EXTENSIONS = YES;
				CLANG_ANALYZER_NONNULL = YES;
				CLANG_ANALYZER_NUMBER_OBJECT_CONVERSION = YES_AGGRESSIVE;
				CLANG_CXX_LANGUAGE_STANDARD = "gnu++20";
				CLANG_ENABLE_MODULES = YES;
				CLANG_ENABLE_OBJC_ARC = YES;
				CLANG_ENABLE_OBJC_WEAK = YES;
				CLANG_WARN_BLOCK_CAPTURE_AUTORELEASING = YES;
				CLANG_WARN_BOOL_CONVERSION = YES;
				CLANG_WARN_COMMA = YES;
				CLANG_WARN_CONSTANT_CONVERSION = YES;
				CLANG_WARN_DEPRECATED_OBJC_IMPLEMENTATIONS = YES;
				CLANG_WARN_DIRECT_OBJC_ISA_USAGE = YES_ERROR;
				CLANG_WARN_DOCUMENTATION_COMMENTS = YES;
				CLANG_WARN_EMPTY_BODY = YES;
				CLANG_WARN_ENUM_CONVERSION = YES;
				CLANG_WARN_INFINITE_RECURSION = YES;
				CLANG_WARN_INT_CONVERSION = YES;
				CLANG_WARN_NON_LITERAL_NULL_CONVERSION = YES;
				CLANG_WARN_OBJC_IMPLICIT_RETAIN_SELF = YES;
				CLANG_WARN_OBJC_LITERAL_CONVERSION = YES;
				CLANG_WARN_OBJC_ROOT_CLASS = YES_ERROR;
				CLANG_WARN_QUOTED_INCLUDE_IN_FRAMEWORK_HEADER = YES;
				CLANG_WARN_RANGE_LOOP_ANALYSIS = YES;
				CLANG_WARN_STRICT_PROTOTYPES = YES;
				CLANG_WARN_SUSPICIOUS_MOVE = YES;
				CLANG_WARN_UNGUARDED_AVAILABILITY = YES_AGGRESSIVE;
				CLANG_WARN_UNREACHABLE_CODE = YES;
				CLANG_WARN__DUPLICATE_METHOD_MATCH = YES;
				COPY_PHASE_STRIP = NO;
				DEBUG_INFORMATION_FORMAT = dwarf;
				ENABLE_STRICT_OBJC_MSGSEND = YES;
				ENABLE_TESTABILITY = YES;
				ENABLE_USER_SCRIPT_SANDBOXING = YES;
				GCC_C_LANGUAGE_STANDARD = gnu17;
				GCC_DYNAMIC_NO_PIC = NO;
				GCC_NO_COMMON_BLOCKS = YES;
				GCC_OPTIMIZATION_LEVEL = 0;
				GCC_PREPROCESSOR_DEFINITIONS = (
					"DEBUG=1",
					"$(inherited)",
				);
				GCC_WARN_64_TO_32_BIT_CONVERSION = YES;
				GCC_WARN_ABOUT_RETURN_TYPE = YES_ERROR;
				GCC_WARN_UNDECLARED_SELECTOR = YES;
				GCC_WARN_UNINITIALIZED_AUTOS = YES_AGGRESSIVE;
				GCC_WARN_UNUSED_FUNCTION = YES;
				GCC_WARN_UNUSED_VARIABLE = YES;
				IPHONEOS_DEPLOYMENT_TARGET = 17.0;
				LOCALIZATION_PREFERS_STRING_CATALOGS = YES;
				MTL_ENABLE_DEBUG_INFO = INCLUDE_SOURCE;
				MTL_FAST_MATH = YES;
				ONLY_ACTIVE_ARCH = YES;
				SDKROOT = iphoneos;
				SWIFT_ACTIVE_COMPILATION_CONDITIONS = "DEBUG $(inherited)";
				SWIFT_OPTIMIZATION_LEVEL = "-Onone";
			};
			name = Debug;
		};
		B5E928A62AF2C5DF00272193 /* Release */ = {
			isa = XCBuildConfiguration;
			buildSettings = {
				ALWAYS_SEARCH_USER_PATHS = NO;
				ASSETCATALOG_COMPILER_GENERATE_SWIFT_ASSET_SYMBOL_EXTENSIONS = YES;
				CLANG_ANALYZER_NONNULL = YES;
				CLANG_ANALYZER_NUMBER_OBJECT_CONVERSION = YES_AGGRESSIVE;
				CLANG_CXX_LANGUAGE_STANDARD = "gnu++20";
				CLANG_ENABLE_MODULES = YES;
				CLANG_ENABLE_OBJC_ARC = YES;
				CLANG_ENABLE_OBJC_WEAK = YES;
				CLANG_WARN_BLOCK_CAPTURE_AUTORELEASING = YES;
				CLANG_WARN_BOOL_CONVERSION = YES;
				CLANG_WARN_COMMA = YES;
				CLANG_WARN_CONSTANT_CONVERSION = YES;
				CLANG_WARN_DEPRECATED_OBJC_IMPLEMENTATIONS = YES;
				CLANG_WARN_DIRECT_OBJC_ISA_USAGE = YES_ERROR;
				CLANG_WARN_DOCUMENTATION_COMMENTS = YES;
				CLANG_WARN_EMPTY_BODY = YES;
				CLANG_WARN_ENUM_CONVERSION = YES;
				CLANG_WARN_INFINITE_RECURSION = YES;
				CLANG_WARN_INT_CONVERSION = YES;
				CLANG_WARN_NON_LITERAL_NULL_CONVERSION = YES;
				CLANG_WARN_OBJC_IMPLICIT_RETAIN_SELF = YES;
				CLANG_WARN_OBJC_LITERAL_CONVERSION = YES;
				CLANG_WARN_OBJC_ROOT_CLASS = YES_ERROR;
				CLANG_WARN_QUOTED_INCLUDE_IN_FRAMEWORK_HEADER = YES;
				CLANG_WARN_RANGE_LOOP_ANALYSIS = YES;
				CLANG_WARN_STRICT_PROTOTYPES = YES;
				CLANG_WARN_SUSPICIOUS_MOVE = YES;
				CLANG_WARN_UNGUARDED_AVAILABILITY = YES_AGGRESSIVE;
				CLANG_WARN_UNREACHABLE_CODE = YES;
				CLANG_WARN__DUPLICATE_METHOD_MATCH = YES;
				COPY_PHASE_STRIP = NO;
				DEBUG_INFORMATION_FORMAT = "dwarf-with-dsym";
				ENABLE_NS_ASSERTIONS = NO;
				ENABLE_STRICT_OBJC_MSGSEND = YES;
				ENABLE_USER_SCRIPT_SANDBOXING = YES;
				GCC_C_LANGUAGE_STANDARD = gnu17;
				GCC_NO_COMMON_BLOCKS = YES;
				GCC_WARN_64_TO_32_BIT_CONVERSION = YES;
				GCC_WARN_ABOUT_RETURN_TYPE = YES_ERROR;
				GCC_WARN_UNDECLARED_SELECTOR = YES;
				GCC_WARN_UNINITIALIZED_AUTOS = YES_AGGRESSIVE;
				GCC_WARN_UNUSED_FUNCTION = YES;
				GCC_WARN_UNUSED_VARIABLE = YES;
				IPHONEOS_DEPLOYMENT_TARGET = 17.0;
				LOCALIZATION_PREFERS_STRING_CATALOGS = YES;
				MTL_ENABLE_DEBUG_INFO = NO;
				MTL_FAST_MATH = YES;
				SDKROOT = iphoneos;
				SWIFT_COMPILATION_MODE = wholemodule;
				VALIDATE_PRODUCT = YES;
			};
			name = Release;
		};
		B5E928A82AF2C5DF00272193 /* Debug */ = {
			isa = XCBuildConfiguration;
			buildSettings = {
				ASSETCATALOG_COMPILER_APPICON_NAME = AppIcon;
				ASSETCATALOG_COMPILER_GLOBAL_ACCENT_COLOR_NAME = AccentColor;
				CODE_SIGN_STYLE = Automatic;
				CURRENT_PROJECT_VERSION = 1;
				DEVELOPMENT_ASSET_PATHS = "\"CSUSM AR/Preview Content\"";
				DEVELOPMENT_TEAM = DD8G3E28HN;
				ENABLE_PREVIEWS = YES;
				GENERATE_INFOPLIST_FILE = YES;
				INFOPLIST_FILE = "CSUSM-AR-Info.plist";
				INFOPLIST_KEY_CFBundleDisplayName = "CSUSM Guide";
				INFOPLIST_KEY_LSApplicationCategoryType = "public.app-category.navigation";
				INFOPLIST_KEY_NSCameraUsageDescription = "For AR purposes, duh...";
				INFOPLIST_KEY_NSLocationUsageDescription = "Well, this app is heavily location based... so what do you think?";
				INFOPLIST_KEY_NSLocationWhenInUseUsageDescription = "In order to determine the location of your device relative to the buildings around you, your permission is needed to access your current location while using the app.";
				INFOPLIST_KEY_UIApplicationSceneManifest_Generation = YES;
				INFOPLIST_KEY_UIApplicationSupportsIndirectInputEvents = YES;
				INFOPLIST_KEY_UILaunchScreen_Generation = YES;
				INFOPLIST_KEY_UIRequiredDeviceCapabilities = arkit;
				INFOPLIST_KEY_UISupportedInterfaceOrientations_iPad = "UIInterfaceOrientationPortrait UIInterfaceOrientationPortraitUpsideDown UIInterfaceOrientationLandscapeLeft UIInterfaceOrientationLandscapeRight";
				INFOPLIST_KEY_UISupportedInterfaceOrientations_iPhone = "UIInterfaceOrientationPortrait UIInterfaceOrientationLandscapeLeft UIInterfaceOrientationLandscapeRight";
				IPHONEOS_DEPLOYMENT_TARGET = 17.0;
				LD_RUNPATH_SEARCH_PATHS = (
					"$(inherited)",
					"@executable_path/Frameworks",
				);
				MARKETING_VERSION = 1.0;
				OTHER_LDFLAGS = (
					"$(inherited)",
					"-ObjC",
				);
				PRODUCT_BUNDLE_IDENTIFIER = "com.salmanburhan.csusm-ar";
				PRODUCT_NAME = "$(TARGET_NAME)";
				SWIFT_EMIT_LOC_STRINGS = YES;
				SWIFT_VERSION = 5.0;
				TARGETED_DEVICE_FAMILY = "1,2";
			};
			name = Debug;
		};
		B5E928A92AF2C5DF00272193 /* Release */ = {
			isa = XCBuildConfiguration;
			buildSettings = {
				ASSETCATALOG_COMPILER_APPICON_NAME = AppIcon;
				ASSETCATALOG_COMPILER_GLOBAL_ACCENT_COLOR_NAME = AccentColor;
				CODE_SIGN_STYLE = Automatic;
				CURRENT_PROJECT_VERSION = 1;
				DEVELOPMENT_ASSET_PATHS = "\"CSUSM AR/Preview Content\"";
				DEVELOPMENT_TEAM = DD8G3E28HN;
				ENABLE_PREVIEWS = YES;
				GENERATE_INFOPLIST_FILE = YES;
				INFOPLIST_FILE = "CSUSM-AR-Info.plist";
				INFOPLIST_KEY_CFBundleDisplayName = "CSUSM Guide";
				INFOPLIST_KEY_LSApplicationCategoryType = "public.app-category.navigation";
				INFOPLIST_KEY_NSCameraUsageDescription = "For AR purposes, duh...";
				INFOPLIST_KEY_NSLocationUsageDescription = "Well, this app is heavily location based... so what do you think?";
				INFOPLIST_KEY_NSLocationWhenInUseUsageDescription = "In order to determine the location of your device relative to the buildings around you, your permission is needed to access your current location while using the app.";
				INFOPLIST_KEY_UIApplicationSceneManifest_Generation = YES;
				INFOPLIST_KEY_UIApplicationSupportsIndirectInputEvents = YES;
				INFOPLIST_KEY_UILaunchScreen_Generation = YES;
				INFOPLIST_KEY_UIRequiredDeviceCapabilities = arkit;
				INFOPLIST_KEY_UISupportedInterfaceOrientations_iPad = "UIInterfaceOrientationPortrait UIInterfaceOrientationPortraitUpsideDown UIInterfaceOrientationLandscapeLeft UIInterfaceOrientationLandscapeRight";
				INFOPLIST_KEY_UISupportedInterfaceOrientations_iPhone = "UIInterfaceOrientationPortrait UIInterfaceOrientationLandscapeLeft UIInterfaceOrientationLandscapeRight";
				IPHONEOS_DEPLOYMENT_TARGET = 17.0;
				LD_RUNPATH_SEARCH_PATHS = (
					"$(inherited)",
					"@executable_path/Frameworks",
				);
				MARKETING_VERSION = 1.0;
				OTHER_LDFLAGS = (
					"$(inherited)",
					"-ObjC",
				);
				PRODUCT_BUNDLE_IDENTIFIER = "com.salmanburhan.csusm-ar";
				PRODUCT_NAME = "$(TARGET_NAME)";
				SWIFT_EMIT_LOC_STRINGS = YES;
				SWIFT_VERSION = 5.0;
				TARGETED_DEVICE_FAMILY = "1,2";
			};
			name = Release;
		};
/* End XCBuildConfiguration section */

/* Begin XCConfigurationList section */
		B5E928942AF2C5DE00272193 /* Build configuration list for PBXProject "CSUSM AR" */ = {
			isa = XCConfigurationList;
			buildConfigurations = (
				B5E928A52AF2C5DF00272193 /* Debug */,
				B5E928A62AF2C5DF00272193 /* Release */,
			);
			defaultConfigurationIsVisible = 0;
			defaultConfigurationName = Release;
		};
		B5E928A72AF2C5DF00272193 /* Build configuration list for PBXNativeTarget "CSUSM AR" */ = {
			isa = XCConfigurationList;
			buildConfigurations = (
				B5E928A82AF2C5DF00272193 /* Debug */,
				B5E928A92AF2C5DF00272193 /* Release */,
			);
			defaultConfigurationIsVisible = 0;
			defaultConfigurationName = Release;
		};
/* End XCConfigurationList section */

/* Begin XCRemoteSwiftPackageReference section */
		B51544532AF876D80081B3A9 /* XCRemoteSwiftPackageReference "arcore-ios-sdk" */ = {
			isa = XCRemoteSwiftPackageReference;
			repositoryURL = "https://github.com/google-ar/arcore-ios-sdk";
			requirement = {
				kind = upToNextMinorVersion;
				minimumVersion = 1.40.0;
			};
		};
		B5C8281F2B01486500471A0E /* XCRemoteSwiftPackageReference "firebase-ios-sdk" */ = {
			isa = XCRemoteSwiftPackageReference;
			repositoryURL = "https://github.com/firebase/firebase-ios-sdk";
			requirement = {
				kind = upToNextMinorVersion;
				minimumVersion = 10.17.0;
			};
		};
		B5E3907B2AF847A700B447B7 /* XCRemoteSwiftPackageReference "RealityKit-Path-Maker" */ = {
			isa = XCRemoteSwiftPackageReference;
			repositoryURL = "https://github.com/Reality-Dev/RealityKit-Path-Maker";
			requirement = {
				kind = upToNextMinorVersion;
				minimumVersion = 1.0.4;
			};
		};
		B5E928AA2AF2C6A700272193 /* XCRemoteSwiftPackageReference "SwiftSoup" */ = {
			isa = XCRemoteSwiftPackageReference;
			repositoryURL = "https://github.com/scinfu/SwiftSoup";
			requirement = {
				kind = upToNextMajorVersion;
				minimumVersion = 2.6.1;
			};
		};
/* End XCRemoteSwiftPackageReference section */

/* Begin XCSwiftPackageProductDependency section */
		B51544542AF876D80081B3A9 /* ARCoreGARSession */ = {
			isa = XCSwiftPackageProductDependency;
			package = B51544532AF876D80081B3A9 /* XCRemoteSwiftPackageReference "arcore-ios-sdk" */;
			productName = ARCoreGARSession;
		};
		B515445E2AF8873D0081B3A9 /* ARCoreGeospatial */ = {
			isa = XCSwiftPackageProductDependency;
			package = B51544532AF876D80081B3A9 /* XCRemoteSwiftPackageReference "arcore-ios-sdk" */;
			productName = ARCoreGeospatial;
		};
		B5C8281B2B013F5300471A0E /* ARCoreCloudAnchors */ = {
			isa = XCSwiftPackageProductDependency;
			package = B51544532AF876D80081B3A9 /* XCRemoteSwiftPackageReference "arcore-ios-sdk" */;
			productName = ARCoreCloudAnchors;
		};
		B5C828202B01486500471A0E /* FirebaseAnalytics */ = {
			isa = XCSwiftPackageProductDependency;
			package = B5C8281F2B01486500471A0E /* XCRemoteSwiftPackageReference "firebase-ios-sdk" */;
			productName = FirebaseAnalytics;
		};
		B5C828222B01486500471A0E /* FirebaseAnalyticsOnDeviceConversion */ = {
			isa = XCSwiftPackageProductDependency;
			package = B5C8281F2B01486500471A0E /* XCRemoteSwiftPackageReference "firebase-ios-sdk" */;
			productName = FirebaseAnalyticsOnDeviceConversion;
		};
		B5C828242B01486500471A0E /* FirebaseAnalyticsSwift */ = {
			isa = XCSwiftPackageProductDependency;
			package = B5C8281F2B01486500471A0E /* XCRemoteSwiftPackageReference "firebase-ios-sdk" */;
			productName = FirebaseAnalyticsSwift;
		};
		B5C828262B01486500471A0E /* FirebaseAnalyticsWithoutAdIdSupport */ = {
			isa = XCSwiftPackageProductDependency;
			package = B5C8281F2B01486500471A0E /* XCRemoteSwiftPackageReference "firebase-ios-sdk" */;
			productName = FirebaseAnalyticsWithoutAdIdSupport;
		};
		B5C828282B01486500471A0E /* FirebaseAppCheck */ = {
			isa = XCSwiftPackageProductDependency;
			package = B5C8281F2B01486500471A0E /* XCRemoteSwiftPackageReference "firebase-ios-sdk" */;
			productName = FirebaseAppCheck;
		};
		B5C8282C2B014FBD00471A0E /* FirebaseDatabase */ = {
			isa = XCSwiftPackageProductDependency;
			package = B5C8281F2B01486500471A0E /* XCRemoteSwiftPackageReference "firebase-ios-sdk" */;
			productName = FirebaseDatabase;
		};
		B5E3907C2AF847A700B447B7 /* RKPath */ = {
			isa = XCSwiftPackageProductDependency;
			package = B5E3907B2AF847A700B447B7 /* XCRemoteSwiftPackageReference "RealityKit-Path-Maker" */;
			productName = RKPath;
		};
		B5E928AB2AF2C6A700272193 /* SwiftSoup */ = {
			isa = XCSwiftPackageProductDependency;
			package = B5E928AA2AF2C6A700272193 /* XCRemoteSwiftPackageReference "SwiftSoup" */;
			productName = SwiftSoup;
		};
/* End XCSwiftPackageProductDependency section */
	};
	rootObject = B5E928912AF2C5DE00272193 /* Project object */;
}
